
Microsoft Visual Studio Solution File, Format Version 12.00
# Visual Studio Version 17
VisualStudioVersion = 17.4.33205.214
MinimumVisualStudioVersion = 10.0.40219.1
Project("{FAE04EC0-301F-11D3-BF4B-00C04F79EFBC}") = "CodeBuilder", "CodeBuilder\CodeBuilder.csproj", "{57F7B3D5-0FD5-4894-BD14-F66A19BD378D}"
EndProject
Project("{FAE04EC0-301F-11D3-BF4B-00C04F79EFBC}") = "Application", "Application\Application.csproj", "{44D695A5-FE60-42B3-99FB-A31CDFC3E0B4}"
EndProject
Project("{FAE04EC0-301F-11D3-BF4B-00C04F79EFBC}") = "Common", "Common\Common.csproj", "{C209B9E3-6A3D-4349-B523-9D37E2C6C849}"
EndProject
Project("{FAE04EC0-301F-11D3-BF4B-00C04F79EFBC}") = "MagicLibrary", "MagicLibrary\MagicLibrary.csproj", "{3D70C1FB-0EF3-4E48-B90C-5932EB78BC14}"
EndProject
Global
	GlobalSection(SolutionConfigurationPlatforms) = preSolution
		Debug|Any CPU = Debug|Any CPU
		Release|Any CPU = Release|Any CPU
	EndGlobalSection
	GlobalSection(ProjectConfigurationPlatforms) = postSolution
		{57F7B3D5-0FD5-4894-BD14-F66A19BD378D}.Debug|Any CPU.ActiveCfg = Debug|Any CPU
		{57F7B3D5-0FD5-4894-BD14-F66A19BD378D}.Debug|Any CPU.Build.0 = Debug|Any CPU
		{57F7B3D5-0FD5-4894-BD14-F66A19BD378D}.Release|Any CPU.ActiveCfg = Release|Any CPU
		{57F7B3D5-0FD5-4894-BD14-F66A19BD378D}.Release|Any CPU.Build.0 = Release|Any CPU
		{44D695A5-FE60-42B3-99FB-A31CDFC3E0B4}.Debug|Any CPU.ActiveCfg = Debug|Any CPU
		{44D695A5-FE60-42B3-99FB-A31CDFC3E0B4}.Debug|Any CPU.Build.0 = Debug|Any CPU
		{44D695A5-FE60-42B3-99FB-A31CDFC3E0B4}.Release|Any CPU.ActiveCfg = Release|Any CPU
		{44D695A5-FE60-42B3-99FB-A31CDFC3E0B4}.Release|Any CPU.Build.0 = Release|Any CPU
		{C209B9E3-6A3D-4349-B523-9D37E2C6C849}.Debug|Any CPU.ActiveCfg = Debug|Any CPU
		{C209B9E3-6A3D-4349-B523-9D37E2C6C849}.Debug|Any CPU.Build.0 = Debug|Any CPU
		{C209B9E3-6A3D-4349-B523-9D37E2C6C849}.Release|Any CPU.ActiveCfg = Release|Any CPU
		{C209B9E3-6A3D-4349-B523-9D37E2C6C849}.Release|Any CPU.Build.0 = Release|Any CPU
		{3D70C1FB-0EF3-4E48-B90C-5932EB78BC14}.Debug|Any CPU.ActiveCfg = Debug|Any CPU
		{3D70C1FB-0EF3-4E48-B90C-5932EB78BC14}.Debug|Any CPU.Build.0 = Debug|Any CPU
		{3D70C1FB-0EF3-4E48-B90C-5932EB78BC14}.Release|Any CPU.ActiveCfg = Release|Any CPU
		{3D70C1FB-0EF3-4E48-B90C-5932EB78BC14}.Release|Any CPU.Build.0 = Release|Any CPU
	EndGlobalSection
	GlobalSection(SolutionProperties) = preSolution
		HideSolutionNode = FALSE
	EndGlobalSection
	GlobalSection(ExtensibilityGlobals) = postSolution
		SolutionGuid = {21789914-CAF0-4BD3-AA06-C0FC3CEE8E2C}
	EndGlobalSection
EndGlobal
